Microsoft Visual Studio Solution File, Format Version 12.00
# Visual Studio Version 17
VisualStudioVersion = 17.13.35931.197
MinimumVisualStudioVersion = 10.0.40219.1
Project("{FAE04EC0-301F-11D3-BF4B-00C04F79EFBC}") = "BTG.Vacinacao.Infra", "src\BTG.Vacinacao.Infra\BTG.Vacinacao.Infra.csproj", "{290A1F5E-B62E-4657-8521-4F53DE8C0DE4}"
EndProject
Project("{FAE04EC0-301F-11D3-BF4B-00C04F79EFBC}") = "BTG.Vacinacao.Presentation", "src\BTG.Vacinacao.Presentation\BTG.Vacinacao.Presentation.csproj", "{0998FFB4-FA51-4759-85CD-34B2415FAF4E}"
EndProject
Project("{2150E333-8FDC-42A3-9474-1A3956D46DE8}") = "1-Presentation", "1-Presentation", "{02EA681E-C7D8-13C7-8484-4AC65E1B71E8}"
EndProject
Project("{2150E333-8FDC-42A3-9474-1A3956D46DE8}") = "2-Application", "2-Application", "{845CAA43-73D6-4501-90DA-1F12BFAF2216}"
EndProject
Project("{2150E333-8FDC-42A3-9474-1A3956D46DE8}") = "3-Core", "3-Core", "{DA97AA2F-3870-47BB-9B38-2E6FAEBE54B9}"
EndProject
Project("{2150E333-8FDC-42A3-9474-1A3956D46DE8}") = "4-Infra", "4-Infra", "{F13040F6-554D-42C8-BDA1-2B1938B6F785}"
EndProject
Project("{2150E333-8FDC-42A3-9474-1A3956D46DE8}") = "5-CrossCutting", "5-CrossCutting", "{10E9E4C4-5533-4539-9A97-EFEC172A6ED5}"
EndProject
Project("{2150E333-8FDC-42A3-9474-1A3956D46DE8}") = "Tests", "Tests", "{F84ECF4E-27AC-454F-A54B-63CA3445E904}"
EndProject
Project("{FAE04EC0-301F-11D3-BF4B-00C04F79EFBC}") = "BTG.Vacinacao.UnitTests", "Tests\BTG.Vacinacao.UnitTests\BTG.Vacinacao.UnitTests.csproj", "{69323C4A-CFE5-47A9-974F-58ACF1CEF2B0}"
EndProject
Project("{2150E333-8FDC-42A3-9474-1A3956D46DE8}") = "6-Ioc", "6-Ioc", "{CCC06AE8-6B9C-44FC-8A62-54CC486F4221}"
EndProject
Project("{FAE04EC0-301F-11D3-BF4B-00C04F79EFBC}") = "BTG.Vacinacao.Application", "src\BTG.Vacinacao.Application\BTG.Vacinacao.Application.csproj", "{C3D9CE41-E79C-267C-7DD4-87C88F6A9429}"
EndProject
Project("{FAE04EC0-301F-11D3-BF4B-00C04F79EFBC}") = "BTG.Vacinacao.Core", "src\BTG.Vacinacao.Core\BTG.Vacinacao.Core.csproj", "{5CD0E74F-135C-7639-AF97-1BF8E0BE31CC}"
EndProject
Project("{FAE04EC0-301F-11D3-BF4B-00C04F79EFBC}") = "BTG.Vacinacao.CrossCutting", "src\BTG.Vacinacao.CrossCuting\BTG.Vacinacao.CrossCutting.csproj", "{2A17DF7F-E45D-E247-AF27-53A7A820889E}"
EndProject
Project("{FAE04EC0-301F-11D3-BF4B-00C04F79EFBC}") = "BTG.Vacinacao.IoC", "src\BTG.Vacinacao.IoC\BTG.Vacinacao.IoC.csproj", "{9ACEE506-A974-6C67-C465-34E54A8FA4C3}"
EndProject
Global
	GlobalSection(SolutionConfigurationPlatforms) = preSolution
		Debug|Any CPU = Debug|Any CPU
		Release|Any CPU = Release|Any CPU
	EndGlobalSection
	GlobalSection(ProjectConfigurationPlatforms) = postSolution
		{290A1F5E-B62E-4657-8521-4F53DE8C0DE4}.Debug|Any CPU.ActiveCfg = Debug|Any CPU
		{290A1F5E-B62E-4657-8521-4F53DE8C0DE4}.Debug|Any CPU.Build.0 = Debug|Any CPU
		{290A1F5E-B62E-4657-8521-4F53DE8C0DE4}.Release|Any CPU.ActiveCfg = Release|Any CPU
		{290A1F5E-B62E-4657-8521-4F53DE8C0DE4}.Release|Any CPU.Build.0 = Release|Any CPU
		{0998FFB4-FA51-4759-85CD-34B2415FAF4E}.Debug|Any CPU.ActiveCfg = Debug|Any CPU
		{0998FFB4-FA51-4759-85CD-34B2415FAF4E}.Debug|Any CPU.Build.0 = Debug|Any CPU
		{0998FFB4-FA51-4759-85CD-34B2415FAF4E}.Release|Any CPU.ActiveCfg = Release|Any CPU
		{0998FFB4-FA51-4759-85CD-34B2415FAF4E}.Release|Any CPU.Build.0 = Release|Any CPU
		{69323C4A-CFE5-47A9-974F-58ACF1CEF2B0}.Debug|Any CPU.ActiveCfg = Debug|Any CPU
		{69323C4A-CFE5-47A9-974F-58ACF1CEF2B0}.Debug|Any CPU.Build.0 = Debug|Any CPU
		{69323C4A-CFE5-47A9-974F-58ACF1CEF2B0}.Release|Any CPU.ActiveCfg = Release|Any CPU
		{69323C4A-CFE5-47A9-974F-58ACF1CEF2B0}.Release|Any CPU.Build.0 = Release|Any CPU
		{C3D9CE41-E79C-267C-7DD4-87C88F6A9429}.Debug|Any CPU.ActiveCfg = Debug|Any CPU
		{C3D9CE41-E79C-267C-7DD4-87C88F6A9429}.Debug|Any CPU.Build.0 = Debug|Any CPU
		{C3D9CE41-E79C-267C-7DD4-87C88F6A9429}.Release|Any CPU.ActiveCfg = Release|Any CPU
		{C3D9CE41-E79C-267C-7DD4-87C88F6A9429}.Release|Any CPU.Build.0 = Release|Any CPU
		{5CD0E74F-135C-7639-AF97-1BF8E0BE31CC}.Debug|Any CPU.ActiveCfg = Debug|Any CPU
		{5CD0E74F-135C-7639-AF97-1BF8E0BE31CC}.Debug|Any CPU.Build.0 = Debug|Any CPU
		{5CD0E74F-135C-7639-AF97-1BF8E0BE31CC}.Release|Any CPU.ActiveCfg = Release|Any CPU
		{5CD0E74F-135C-7639-AF97-1BF8E0BE31CC}.Release|Any CPU.Build.0 = Release|Any CPU
		{2A17DF7F-E45D-E247-AF27-53A7A820889E}.Debug|Any CPU.ActiveCfg = Debug|Any CPU
		{2A17DF7F-E45D-E247-AF27-53A7A820889E}.Debug|Any CPU.Build.0 = Debug|Any CPU
		{2A17DF7F-E45D-E247-AF27-53A7A820889E}.Release|Any CPU.ActiveCfg = Release|Any CPU
		{2A17DF7F-E45D-E247-AF27-53A7A820889E}.Release|Any CPU.Build.0 = Release|Any CPU
		{9ACEE506-A974-6C67-C465-34E54A8FA4C3}.Debug|Any CPU.ActiveCfg = Debug|Any CPU
		{9ACEE506-A974-6C67-C465-34E54A8FA4C3}.Debug|Any CPU.Build.0 = Debug|Any CPU
		{9ACEE506-A974-6C67-C465-34E54A8FA4C3}.Release|Any CPU.ActiveCfg = Release|Any CPU
		{9ACEE506-A974-6C67-C465-34E54A8FA4C3}.Release|Any CPU.Build.0 = Release|Any CPU
	EndGlobalSection
	GlobalSection(SolutionProperties) = preSolution
		HideSolutionNode = FALSE
	EndGlobalSection
	GlobalSection(NestedProjects) = preSolution
		{290A1F5E-B62E-4657-8521-4F53DE8C0DE4} = {F13040F6-554D-42C8-BDA1-2B1938B6F785}
		{0998FFB4-FA51-4759-85CD-34B2415FAF4E} = {02EA681E-C7D8-13C7-8484-4AC65E1B71E8}
		{69323C4A-CFE5-47A9-974F-58ACF1CEF2B0} = {F84ECF4E-27AC-454F-A54B-63CA3445E904}
		{C3D9CE41-E79C-267C-7DD4-87C88F6A9429} = {845CAA43-73D6-4501-90DA-1F12BFAF2216}
		{5CD0E74F-135C-7639-AF97-1BF8E0BE31CC} = {DA97AA2F-3870-47BB-9B38-2E6FAEBE54B9}
		{2A17DF7F-E45D-E247-AF27-53A7A820889E} = {10E9E4C4-5533-4539-9A97-EFEC172A6ED5}
		{9ACEE506-A974-6C67-C465-34E54A8FA4C3} = {CCC06AE8-6B9C-44FC-8A62-54CC486F4221}
	EndGlobalSection
	GlobalSection(ExtensibilityGlobals) = postSolution
		SolutionGuid = {A631AF7F-0CD9-4DBF-875B-A5A51727E0D8}
	EndGlobalSection
EndGlobal
